{
  "name": "nvim",
  "lockfileVersion": 3,
  "requires": true,
  "packages": {
    "": {
      "dependencies": {
        "claude": "^0.1.2"
      }
    },
    "node_modules/claude": {
      "version": "0.1.2",
      "resolved": "https://registry.npmjs.org/claude/-/claude-0.1.2.tgz",
      "integrity": "sha512-Qjrrs+G1pwovbIgGh5R1Ni4Al79AfpbkvfonpHH0yj86cfOq3AoAzNbEeD9TQ980hrog8TM0vh1CNn+7uf/zYA==",
      "deprecated": "The official Claude Code package is available at @anthropic-ai/claude-code"
    }
  }
}
